# generated by rye
# use `rye lock` or `rye sync` to update this lockfile
#
# last locked with the following flags:
#   pre: false
#   features: []
#   all-features: false
#   with-sources: false

-e file:.
annotated-types==0.6.0
    # via pydantic
anyio==4.3.0
    # via httpx
blake3==0.4.1
    # via truss
blinker==1.7.0
    # via flask
certifi==2024.2.2
    # via httpcore
    # via httpx
    # via requests
charset-normalizer==3.3.2
    # via requests
click==8.1.7
    # via flask
    # via httpx
    # via uvicorn
exceptiongroup==1.2.0
    # via anyio
    # via pytest
flask==2.3.3
h11==0.14.0
    # via httpcore
    # via uvicorn
httpcore==1.0.5
    # via httpx
httpx==0.27.0
    # via truss
idna==3.7
    # via anyio
    # via httpx
    # via requests
iniconfig==2.0.0
    # via pytest
itsdangerous==2.2.0
    # via flask
jinja2==3.1.3
    # via flask
markdown-it-py==3.0.0
    # via rich
markupsafe==2.1.5
    # via jinja2
    # via werkzeug
mdurl==0.1.2
    # via markdown-it-py
mypy==1.9.0
mypy-extensions==1.0.0
    # via mypy
numpy==1.26.4
    # via truss
packaging==24.0
    # via pytest
    # via truss
pathspec==0.12.1
    # via truss
pluggy==1.4.0
    # via pytest
pydantic==2.7.0
    # via truss
pydantic-core==2.18.1
    # via pydantic
pygments==2.17.2
    # via httpx
    # via rich
pytest==8.1.1
    # via pytest-split
pytest-split==0.8.2
pyyaml==6.0.1
    # via truss
requests==2.31.0
    # via requests-mock
requests-mock==1.12.1
rich==13.7.1
    # via httpx
single-source==0.3.0
    # via truss
sniffio==1.3.1
    # via anyio
    # via httpx
tenacity==8.2.3
    # via truss
tomli==2.0.1
    # via mypy
    # via pytest
types-requests==2.31.0.20240406
typing-extensions==4.11.0
    # via anyio
    # via mypy
    # via pydantic
    # via pydantic-core
    # via uvicorn
urllib3==2.2.1
    # via requests
    # via types-requests
uvicorn==0.29.0
uvloop==0.19.0
werkzeug==3.0.2
    # via flask
